<?xml version="1.0" encoding="utf-8"?>
<Project ToolsVersion="4.0" xmlns="http://schemas.microsoft.com/developer/msbuild/2003">
  <ItemGroup>
    <Filter Include="Source Files">
      <UniqueIdentifier>{4FC737F1-C7A5-4376-A066-2A32D752A2FF}</UniqueIdentifier>
      <Extensions>cpp;c;cc;cxx;c++;cppm;ixx;def;odl;idl;hpj;bat;asm;asmx</Extensions>
    </Filter>
    <Filter Include="Header Files">
      <UniqueIdentifier>{93995380-89BD-4b04-88EB-625FBE52EBFB}</UniqueIdentifier>
      <Extensions>h;hh;hpp;hxx;h++;hm;inl;inc;ipp;xsd</Extensions>
    </Filter>
    <Filter Include="Resource Files">
      <UniqueIdentifier>{67DA6AB6-F800-4c08-8B7A-83BB121AAD01}</UniqueIdentifier>
      <Extensions>rc;ico;cur;bmp;dlg;rc2;rct;bin;rgs;gif;jpg;jpeg;jpe;resx;tiff;tif;png;wav;mfcribbon-ms</Extensions>
    </Filter>
    <Filter Include="Source Files\Game">
      <UniqueIdentifier>{e23d1f46-e9b1-4bff-af3d-a9be53e06560}</UniqueIdentifier>
    </Filter>
    <Filter Include="Source Files\GameManager">
      <UniqueIdentifier>{98dd6b78-d569-40ae-a5d1-9d80fedad415}</UniqueIdentifier>
    </Filter>
    <Filter Include="Header Files\GameManager">
      <UniqueIdentifier>{d5219486-708c-4d01-a5ad-46128db977ab}</UniqueIdentifier>
    </Filter>
    <Filter Include="Source Files\GameManager\LogManager">
      <UniqueIdentifier>{af104d22-32e8-4852-afb2-92e961a97faf}</UniqueIdentifier>
    </Filter>
    <Filter Include="Header Files\GameManager\LogManager">
      <UniqueIdentifier>{61a84eb1-4190-4c19-b0c7-362ea7d732bb}</UniqueIdentifier>
    </Filter>
    <Filter Include="Header Files\Helpers">
      <UniqueIdentifier>{8894181e-3304-4045-a70e-0acb7c049d4b}</UniqueIdentifier>
    </Filter>
    <Filter Include="Source Files\Helpers">
      <UniqueIdentifier>{4695bf79-3d90-4dcf-b9ed-2c52fa6f7b46}</UniqueIdentifier>
    </Filter>
    <Filter Include="Sprites">
      <UniqueIdentifier>{c19a354f-8f32-4bfe-9d4b-bba52e61768c}</UniqueIdentifier>
    </Filter>
  </ItemGroup>
  <ItemGroup>
    <ClCompile Include="game.cpp">
      <Filter>Source Files\Game</Filter>
    </ClCompile>
    <ClCompile Include="LogManager.cpp">
      <Filter>Source Files\GameManager\LogManager</Filter>
    </ClCompile>
    <ClCompile Include="Manager.cpp">
      <Filter>Source Files\GameManager</Filter>
    </ClCompile>
    <ClCompile Include="ErrorManager.cpp">
      <Filter>Source Files\GameManager\LogManager</Filter>
    </ClCompile>
    <ClCompile Include="GameManager.cpp">
      <Filter>Source Files\GameManager</Filter>
    </ClCompile>
    <ClCompile Include="Clock.cpp">
      <Filter>Source Files\Helpers</Filter>
    </ClCompile>
    <ClCompile Include="Vector.cpp">
      <Filter>Source Files\Helpers</Filter>
    </ClCompile>
    <ClCompile Include="Object.cpp">
      <Filter>Source Files\Helpers</Filter>
    </ClCompile>
    <ClCompile Include="ObjectList.cpp">
      <Filter>Source Files\Helpers</Filter>
    </ClCompile>
    <ClCompile Include="ObjectListIterator.cpp">
      <Filter>Source Files\Helpers</Filter>
    </ClCompile>
    <ClCompile Include="Event.cpp">
      <Filter>Source Files\Helpers</Filter>
    </ClCompile>
    <ClCompile Include="WorldManager.cpp">
      <Filter>Source Files\GameManager</Filter>
    </ClCompile>
    <ClCompile Include="EventStep.cpp">
      <Filter>Source Files\Helpers</Filter>
    </ClCompile>
    <ClCompile Include="DisplayManager.cpp">
      <Filter>Source Files\GameManager</Filter>
    </ClCompile>
    <ClCompile Include="EventKeyboard.cpp">
      <Filter>Source Files\Helpers</Filter>
    </ClCompile>
    <ClCompile Include="EventMouse.cpp">
      <Filter>Source Files\Helpers</Filter>
    </ClCompile>
    <ClCompile Include="EventOut.cpp">
      <Filter>Source Files\Helpers</Filter>
    </ClCompile>
    <ClCompile Include="InputManager.cpp">
      <Filter>Source Files\GameManager</Filter>
    </ClCompile>
    <ClCompile Include="EventCollision.cpp">
      <Filter>Source Files\Helpers</Filter>
    </ClCompile>
    <ClCompile Include="Utility.cpp">
      <Filter>Source Files\Helpers</Filter>
    </ClCompile>
    <ClCompile Include="Frame.cpp">
      <Filter>Source Files\Helpers</Filter>
    </ClCompile>
    <ClCompile Include="Sprite.cpp">
      <Filter>Source Files\Helpers</Filter>
    </ClCompile>
    <ClCompile Include="ResourceManager.cpp">
      <Filter>Source Files\GameManager</Filter>
    </ClCompile>
  </ItemGroup>
  <ItemGroup>
    <ClInclude Include="LogManager.h">
      <Filter>Header Files\GameManager\LogManager</Filter>
    </ClInclude>
    <ClInclude Include="Manager.h">
      <Filter>Header Files\GameManager</Filter>
    </ClInclude>
    <ClInclude Include="ErrorManager.h">
      <Filter>Header Files\GameManager\LogManager</Filter>
    </ClInclude>
    <ClInclude Include="GameManager.h">
      <Filter>Header Files\GameManager</Filter>
    </ClInclude>
    <ClInclude Include="Clock.h">
      <Filter>Header Files\Helpers</Filter>
    </ClInclude>
    <ClInclude Include="Vector.h">
      <Filter>Header Files\Helpers</Filter>
    </ClInclude>
    <ClInclude Include="Object.h">
      <Filter>Header Files\Helpers</Filter>
    </ClInclude>
    <ClInclude Include="ObjectList.h">
      <Filter>Header Files\Helpers</Filter>
    </ClInclude>
    <ClInclude Include="ObjectListIterator.h">
      <Filter>Header Files\Helpers</Filter>
    </ClInclude>
    <ClInclude Include="Event.h">
      <Filter>Header Files\Helpers</Filter>
    </ClInclude>
    <ClInclude Include="WorldManager.h">
      <Filter>Header Files\GameManager</Filter>
    </ClInclude>
    <ClInclude Include="Box.h">
      <Filter>Header Files\Helpers</Filter>
    </ClInclude>
    <ClInclude Include="EventStep.h">
      <Filter>Header Files\Helpers</Filter>
    </ClInclude>
    <ClInclude Include="DisplayManager.h">
      <Filter>Header Files\GameManager</Filter>
    </ClInclude>
    <ClInclude Include="Color.h">
      <Filter>Header Files\Helpers</Filter>
    </ClInclude>
    <ClInclude Include="EventKeyboard.h">
      <Filter>Header Files\Helpers</Filter>
    </ClInclude>
    <ClInclude Include="EventMouse.h">
      <Filter>Header Files\Helpers</Filter>
    </ClInclude>
    <ClInclude Include="EventOut.h">
      <Filter>Header Files\Helpers</Filter>
    </ClInclude>
    <ClInclude Include="InputManager.h">
      <Filter>Header Files\GameManager</Filter>
    </ClInclude>
    <ClInclude Include="EventCollision.h">
      <Filter>Header Files\Helpers</Filter>
    </ClInclude>
    <ClInclude Include="Utility.h">
      <Filter>Header Files\Helpers</Filter>
    </ClInclude>
    <ClInclude Include="Frame.h">
      <Filter>Header Files\Helpers</Filter>
    </ClInclude>
    <ClInclude Include="Sprite.h">
      <Filter>Header Files\Helpers</Filter>
    </ClInclude>
    <ClInclude Include="ResourceManager.h">
      <Filter>Header Files\GameManager</Filter>
    </ClInclude>
  </ItemGroup>
  <ItemGroup>
    <Text Include="LogFile.log">
      <Filter>Resource Files</Filter>
    </Text>
    <Text Include="player.txt">
      <Filter>Sprites</Filter>
    </Text>
  </ItemGroup>
  <ItemGroup>
    <Font Include="me-font.ttf">
      <Filter>Header Files\Helpers</Filter>
    </Font>
  </ItemGroup>
</Project>